
Microsoft Visual Studio Solution File, Format Version 12.00
# Visual Studio Version 16
VisualStudioVersion = 25.0.1704.2
MinimumVisualStudioVersion = 10.0.40219.1
Project("{FAE04EC0-301F-11D3-BF4B-00C04F79EFBC}") = "Model", "Model\Model.csproj", "{2960F9BA-49DE-494D-92E3-CE5A794BA1A9}"
EndProject
Project("{2150E333-8FDC-42A3-9474-1A3956D46DE8}") = "Tests", "Tests", "{C76D0C23-1FFA-4963-93CD-E12BD643F030}"
EndProject
Project("{FAE04EC0-301F-11D3-BF4B-00C04F79EFBC}") = "ConsoleTests", "Tests\ConsoleTests\ConsoleTests.csproj", "{1889FA6E-B7C6-416E-8628-9449FB9070B9}"
EndProject
Project("{FAE04EC0-301F-11D3-BF4B-00C04F79EFBC}") = "Shared", "Shared\Shared.csproj", "{3B720C0C-53FE-4642-A2DB-87FD8634CD74}"
EndProject
Project("{2150E333-8FDC-42A3-9474-1A3956D46DE8}") = "Stub", "Stub", "{2C607793-B163-4731-A4D1-AFE8A7C4C170}"
EndProject
Project("{FAE04EC0-301F-11D3-BF4B-00C04F79EFBC}") = "StubLib", "StubLib\StubLib.csproj", "{B01D7EF2-2D64-409A-A29A-61FB7BB7A9DB}"
EndProject
Project("{FAE04EC0-301F-11D3-BF4B-00C04F79EFBC}") = "ConsoleDB", "Tests\ConsoleDB\ConsoleDB.csproj", "{3E16421B-7372-477D-A25E-8249D5203A1E}"
EndProject
Project("{FAE04EC0-301F-11D3-BF4B-00C04F79EFBC}") = "TestUnitaireLOL", "Tests\TestUnitaireLOL\TestUnitaireLOL.csproj", "{F4473EB6-6CD7-4A73-89BC-82C247A23412}"
EndProject
Project("{FAE04EC0-301F-11D3-BF4B-00C04F79EFBC}") = "DbDatamanager", "DbDatamanager\DbDatamanager.csproj", "{B316E0A6-491B-45D6-A4E5-78AB662ABE1B}"
EndProject
Project("{FAE04EC0-301F-11D3-BF4B-00C04F79EFBC}") = "EntityFrameWorkLib", "EntityFrameWorkLib\EntityFrameWorkLib.csproj", "{C78F459C-A1CE-4978-A08D-73C6BDB4094C}"
EndProject
Project("{FAE04EC0-301F-11D3-BF4B-00C04F79EFBC}") = "WebApiLol", "WebApiLol\WebApiLol.csproj", "{DAE3B5A2-8904-43AE-8459-ED64C3366FDF}"
EndProject
Project("{9344BDBB-3E7F-41FC-A0DD-8665D75EE146}") = "ConsoleTestapi", "Tests\ConsoleTestapi\ConsoleTestapi.csproj", "{95E32251-0B03-4233-B9FF-5D5F1F618833}"
EndProject
Project("{E53339B2-1760-4266-BCC7-CA923CBCF16C}") = "docker-compose", "docker-compose.dcproj", "{23AC6E45-406F-4320-B951-3B59DB10988C}"
EndProject
Project("{2150E333-8FDC-42A3-9474-1A3956D46DE8}") = "Solution Items", "Solution Items", "{73142960-0D40-4766-973B-37094F4BD879}"
	ProjectSection(SolutionItems) = preProject
		Dockerfile = Dockerfile
	EndProjectSection
EndProject
Global
	GlobalSection(SolutionConfigurationPlatforms) = preSolution
		Debug|Any CPU = Debug|Any CPU
		Release|Any CPU = Release|Any CPU
	EndGlobalSection
	GlobalSection(ProjectConfigurationPlatforms) = postSolution
		{2960F9BA-49DE-494D-92E3-CE5A794BA1A9}.Debug|Any CPU.ActiveCfg = Debug|Any CPU
		{2960F9BA-49DE-494D-92E3-CE5A794BA1A9}.Debug|Any CPU.Build.0 = Debug|Any CPU
		{2960F9BA-49DE-494D-92E3-CE5A794BA1A9}.Release|Any CPU.ActiveCfg = Release|Any CPU
		{2960F9BA-49DE-494D-92E3-CE5A794BA1A9}.Release|Any CPU.Build.0 = Release|Any CPU
		{1889FA6E-B7C6-416E-8628-9449FB9070B9}.Debug|Any CPU.ActiveCfg = Debug|Any CPU
		{1889FA6E-B7C6-416E-8628-9449FB9070B9}.Debug|Any CPU.Build.0 = Debug|Any CPU
		{1889FA6E-B7C6-416E-8628-9449FB9070B9}.Release|Any CPU.ActiveCfg = Release|Any CPU
		{1889FA6E-B7C6-416E-8628-9449FB9070B9}.Release|Any CPU.Build.0 = Release|Any CPU
		{3B720C0C-53FE-4642-A2DB-87FD8634CD74}.Debug|Any CPU.ActiveCfg = Debug|Any CPU
		{3B720C0C-53FE-4642-A2DB-87FD8634CD74}.Debug|Any CPU.Build.0 = Debug|Any CPU
		{3B720C0C-53FE-4642-A2DB-87FD8634CD74}.Release|Any CPU.ActiveCfg = Release|Any CPU
		{3B720C0C-53FE-4642-A2DB-87FD8634CD74}.Release|Any CPU.Build.0 = Release|Any CPU
		{B01D7EF2-2D64-409A-A29A-61FB7BB7A9DB}.Debug|Any CPU.ActiveCfg = Debug|Any CPU
		{B01D7EF2-2D64-409A-A29A-61FB7BB7A9DB}.Debug|Any CPU.Build.0 = Debug|Any CPU
		{B01D7EF2-2D64-409A-A29A-61FB7BB7A9DB}.Release|Any CPU.ActiveCfg = Release|Any CPU
		{B01D7EF2-2D64-409A-A29A-61FB7BB7A9DB}.Release|Any CPU.Build.0 = Release|Any CPU
		{3E16421B-7372-477D-A25E-8249D5203A1E}.Debug|Any CPU.ActiveCfg = Debug|Any CPU
		{3E16421B-7372-477D-A25E-8249D5203A1E}.Debug|Any CPU.Build.0 = Debug|Any CPU
		{3E16421B-7372-477D-A25E-8249D5203A1E}.Release|Any CPU.ActiveCfg = Release|Any CPU
		{3E16421B-7372-477D-A25E-8249D5203A1E}.Release|Any CPU.Build.0 = Release|Any CPU
		{F4473EB6-6CD7-4A73-89BC-82C247A23412}.Debug|Any CPU.ActiveCfg = Debug|Any CPU
		{F4473EB6-6CD7-4A73-89BC-82C247A23412}.Debug|Any CPU.Build.0 = Debug|Any CPU
		{F4473EB6-6CD7-4A73-89BC-82C247A23412}.Release|Any CPU.ActiveCfg = Release|Any CPU
		{F4473EB6-6CD7-4A73-89BC-82C247A23412}.Release|Any CPU.Build.0 = Release|Any CPU
		{B316E0A6-491B-45D6-A4E5-78AB662ABE1B}.Debug|Any CPU.ActiveCfg = Debug|Any CPU
		{B316E0A6-491B-45D6-A4E5-78AB662ABE1B}.Debug|Any CPU.Build.0 = Debug|Any CPU
		{B316E0A6-491B-45D6-A4E5-78AB662ABE1B}.Release|Any CPU.ActiveCfg = Release|Any CPU
		{B316E0A6-491B-45D6-A4E5-78AB662ABE1B}.Release|Any CPU.Build.0 = Release|Any CPU
		{C78F459C-A1CE-4978-A08D-73C6BDB4094C}.Debug|Any CPU.ActiveCfg = Debug|Any CPU
		{C78F459C-A1CE-4978-A08D-73C6BDB4094C}.Debug|Any CPU.Build.0 = Debug|Any CPU
		{C78F459C-A1CE-4978-A08D-73C6BDB4094C}.Release|Any CPU.ActiveCfg = Release|Any CPU
		{C78F459C-A1CE-4978-A08D-73C6BDB4094C}.Release|Any CPU.Build.0 = Release|Any CPU
		{DAE3B5A2-8904-43AE-8459-ED64C3366FDF}.Debug|Any CPU.ActiveCfg = Debug|Any CPU
		{DAE3B5A2-8904-43AE-8459-ED64C3366FDF}.Debug|Any CPU.Build.0 = Debug|Any CPU
		{DAE3B5A2-8904-43AE-8459-ED64C3366FDF}.Release|Any CPU.ActiveCfg = Release|Any CPU
		{DAE3B5A2-8904-43AE-8459-ED64C3366FDF}.Release|Any CPU.Build.0 = Release|Any CPU
		{95E32251-0B03-4233-B9FF-5D5F1F618833}.Debug|Any CPU.ActiveCfg = Debug|Any CPU
		{95E32251-0B03-4233-B9FF-5D5F1F618833}.Debug|Any CPU.Build.0 = Debug|Any CPU
		{95E32251-0B03-4233-B9FF-5D5F1F618833}.Release|Any CPU.ActiveCfg = Release|Any CPU
		{95E32251-0B03-4233-B9FF-5D5F1F618833}.Release|Any CPU.Build.0 = Release|Any CPU
		{23AC6E45-406F-4320-B951-3B59DB10988C}.Debug|Any CPU.ActiveCfg = Debug|Any CPU
		{23AC6E45-406F-4320-B951-3B59DB10988C}.Debug|Any CPU.Build.0 = Debug|Any CPU
		{23AC6E45-406F-4320-B951-3B59DB10988C}.Release|Any CPU.ActiveCfg = Release|Any CPU
		{23AC6E45-406F-4320-B951-3B59DB10988C}.Release|Any CPU.Build.0 = Release|Any CPU
	EndGlobalSection
	GlobalSection(SolutionProperties) = preSolution
		HideSolutionNode = FALSE
	EndGlobalSection
	GlobalSection(ExtensibilityGlobals) = postSolution
		SolutionGuid = {92F3083D-793F-4552-8A9A-0AD6534159C9}
	EndGlobalSection
	GlobalSection(NestedProjects) = preSolution
		{1889FA6E-B7C6-416E-8628-9449FB9070B9} = {C76D0C23-1FFA-4963-93CD-E12BD643F030}
		{B01D7EF2-2D64-409A-A29A-61FB7BB7A9DB} = {2C607793-B163-4731-A4D1-AFE8A7C4C170}
		{3E16421B-7372-477D-A25E-8249D5203A1E} = {C76D0C23-1FFA-4963-93CD-E12BD643F030}
		{F4473EB6-6CD7-4A73-89BC-82C247A23412} = {C76D0C23-1FFA-4963-93CD-E12BD643F030}
		{95E32251-0B03-4233-B9FF-5D5F1F618833} = {C76D0C23-1FFA-4963-93CD-E12BD643F030}
	EndGlobalSection
EndGlobal
